
Microsoft Visual Studio Solution File, Format Version 12.00
Project("{FAE04EC0-301F-11D3-BF4B-00C04F79EFBC}") = "mainTest", "mainTest\mainTest.csproj", "{6117C8AA-AEB6-4795-AC3D-CD46766BCF1D}"
EndProject
Global
	GlobalSection(SolutionConfigurationPlatforms) = preSolution
		Debug|Any CPU = Debug|Any CPU
		Release|Any CPU = Release|Any CPU
	EndGlobalSection
	GlobalSection(ProjectConfigurationPlatforms) = postSolution
		{6117C8AA-AEB6-4795-AC3D-CD46766BCF1D}.Debug|Any CPU.ActiveCfg = Debug|Any CPU
		{6117C8AA-AEB6-4795-AC3D-CD46766BCF1D}.Debug|Any CPU.Build.0 = Debug|Any CPU
		{6117C8AA-AEB6-4795-AC3D-CD46766BCF1D}.Release|Any CPU.ActiveCfg = Release|Any CPU
		{6117C8AA-AEB6-4795-AC3D-CD46766BCF1D}.Release|Any CPU.Build.0 = Release|Any CPU
	EndGlobalSection
EndGlobal
